
Microsoft Visual Studio Solution File, Format Version 12.00
# Visual Studio 15
VisualStudioVersion = 15.0.28307.438
MinimumVisualStudioVersion = 10.0.40219.1
Project("{FAE04EC0-301F-11D3-BF4B-00C04F79EFBC}") = "BMIApplication", "BMIApplication\BMIApplication.csproj", "{9351C318-F273-4E71-80BC-BB87BF1FA472}"
EndProject
Global
	GlobalSection(SolutionConfigurationPlatforms) = preSolution
		Debug|Any CPU = Debug|Any CPU
		Release|Any CPU = Release|Any CPU
	EndGlobalSection
	GlobalSection(ProjectConfigurationPlatforms) = postSolution
		{9351C318-F273-4E71-80BC-BB87BF1FA472}.Debug|Any CPU.ActiveCfg = Debug|Any CPU
		{9351C318-F273-4E71-80BC-BB87BF1FA472}.Debug|Any CPU.Build.0 = Debug|Any CPU
		{9351C318-F273-4E71-80BC-BB87BF1FA472}.Release|Any CPU.ActiveCfg = Release|Any CPU
		{9351C318-F273-4E71-80BC-BB87BF1FA472}.Release|Any CPU.Build.0 = Release|Any CPU
	EndGlobalSection
	GlobalSection(SolutionProperties) = preSolution
		HideSolutionNode = FALSE
	EndGlobalSection
	GlobalSection(ExtensibilityGlobals) = postSolution
		SolutionGuid = {77DA662E-3860-4B02-8649-74B078AE6943}
	EndGlobalSection
EndGlobal
